
Microsoft Visual Studio Solution File, Format Version 12.00
# Visual Studio Version 16
VisualStudioVersion = 16.0.32901.82
MinimumVisualStudioVersion = 10.0.40219.1
Project("{F184B08F-C81C-45F6-A57F-5ABD9991F28F}") = "Call of Duty Graphics Tool", "Call of Duty Graphics Tool\Call of Duty Graphics Tool.vbproj", "{51A01068-6349-4EDD-9008-38D0DBD76FF2}"
EndProject
Global
	GlobalSection(SolutionConfigurationPlatforms) = preSolution
		Debug|Any CPU = Debug|Any CPU
		Release|Any CPU = Release|Any CPU
	EndGlobalSection
	GlobalSection(ProjectConfigurationPlatforms) = postSolution
		{51A01068-6349-4EDD-9008-38D0DBD76FF2}.Debug|Any CPU.ActiveCfg = Debug|Any CPU
		{51A01068-6349-4EDD-9008-38D0DBD76FF2}.Debug|Any CPU.Build.0 = Debug|Any CPU
		{51A01068-6349-4EDD-9008-38D0DBD76FF2}.Release|Any CPU.ActiveCfg = Release|Any CPU
		{51A01068-6349-4EDD-9008-38D0DBD76FF2}.Release|Any CPU.Build.0 = Release|Any CPU
	EndGlobalSection
	GlobalSection(SolutionProperties) = preSolution
		HideSolutionNode = FALSE
	EndGlobalSection
	GlobalSection(ExtensibilityGlobals) = postSolution
		SolutionGuid = {B627DA48-ADCD-46AF-8FDF-A77A1CA1CDF4}
	EndGlobalSection
EndGlobal
